
Microsoft Visual Studio Solution File, Format Version 12.00
# Visual Studio Version 17
VisualStudioVersion = 17.10.35122.118
MinimumVisualStudioVersion = 10.0.40219.1
Project("{FAE04EC0-301F-11D3-BF4B-00C04F79EFBC}") = "CLVD6212-POEPART1", "CLVD6212-POEPART1.csproj", "{5C684E62-80A0-44C3-8F4C-AD5857813A33}"
EndProject
Global
	GlobalSection(SolutionConfigurationPlatforms) = preSolution
		Debug|Any CPU = Debug|Any CPU
		Release|Any CPU = Release|Any CPU
	EndGlobalSection
	GlobalSection(ProjectConfigurationPlatforms) = postSolution
		{5C684E62-80A0-44C3-8F4C-AD5857813A33}.Debug|Any CPU.ActiveCfg = Debug|Any CPU
		{5C684E62-80A0-44C3-8F4C-AD5857813A33}.Debug|Any CPU.Build.0 = Debug|Any CPU
		{5C684E62-80A0-44C3-8F4C-AD5857813A33}.Release|Any CPU.ActiveCfg = Release|Any CPU
		{5C684E62-80A0-44C3-8F4C-AD5857813A33}.Release|Any CPU.Build.0 = Release|Any CPU
	EndGlobalSection
	GlobalSection(SolutionProperties) = preSolution
		HideSolutionNode = FALSE
	EndGlobalSection
	GlobalSection(ExtensibilityGlobals) = postSolution
		SolutionGuid = {CA4B5F84-7A11-4444-8A19-738C265570DE}
	EndGlobalSection
EndGlobal
